version: 1.0
shards:
  active_record:
    github: waterlink/active_record.cr
    commit: 961c904f1d8ae8380223896479102737da8eb3c7

  db:
    github: crystal-lang/crystal-db
    commit: 545d758ae0e8ff107c3fcb62445cda7b38c0fd72

  icr:
    github: greyblake/crystal-icr
    commit: 898305c0787044ee5f8076d86e26ffe08c6c4e15

  kemal:
    github: kemalcr/kemal
    commit: f4de825ab83276f6e78b98c8a7ad895cf478f412

  kilt:
    github: jeromegn/kilt
    version: 0.3.3

  mysql:
    github: waterlink/crystal-mysql
    version: 0.4.4

  mysql_adapter:
    github: waterlink/mysql_adapter.cr
    commit: 0fd39fec8212a443eb9f408d37a0ec019f8e9991

  pool:
    github: ysbaddaden/pool
    version: 0.2.3

  query:
    github: waterlink/query.cr
    version: 0.2.5

  radix:
    github: luislavena/radix
    version: 0.3.8

  slang:
    github: jeromegn/slang
    commit: 17ee48438f9798ac0d47520c47c17bcd7e06cd93

  spec-kemal:
    github: sdogruyol/spec-kemal
    commit: 05cc810f5f5ed890f16bcb06461000b97c625959

